PODS:
  - MASShortcut (2.4.0)
  - Sparkle (1.27.1)

DEPENDENCIES:
  - MASShortcut
  - Sparkle

SPEC REPOS:
  trunk:
    - MASShortcut
    - Sparkle

SPEC CHECKSUMS:
  MASShortcut: d9e4909e878661cc42877cc9d6efbe638273ab57
  Sparkle: 23f98b268284c8c03e6228230fc8f1807ef041d5

PODFILE CHECKSUM: 111745dc43a1afb20eb8aed83dd4725e946547f8

COCOAPODS: 1.11.2
